
Microsoft Visual Studio Solution File, Format Version 12.00
# Visual Studio Version 17
VisualStudioVersion = 17.9.34616.47
MinimumVisualStudioVersion = 10.0.40219.1
Project("{FAE04EC0-301F-11D3-BF4B-00C04F79EFBC}") = "GGMLSharp", "GGMLSharp\GGMLSharp.csproj", "{001FD1F1-EC17-45E9-B750-A2A2029E6C60}"
EndProject
Project("{2150E333-8FDC-42A3-9474-1A3956D46DE8}") = "examples", "examples", "{D02595E1-05BC-423E-92E1-535C51070670}"
EndProject
Project("{FAE04EC0-301F-11D3-BF4B-00C04F79EFBC}") = "SimpleBackend", "Examples\SimpleBackend\SimpleBackend.csproj", "{A9A8673F-FEBD-4025-BA45-70D56B99CC8C}"
EndProject
Project("{FAE04EC0-301F-11D3-BF4B-00C04F79EFBC}") = "Magika", "Examples\Magika\Magika.csproj", "{0880CC0E-50E0-4C51-A07D-5D8336B643A1}"
EndProject
Project("{FAE04EC0-301F-11D3-BF4B-00C04F79EFBC}") = "MNIST_CNN", "Examples\MNIST_CNN\MNIST_CNN.csproj", "{9D9440D2-EEAD-42D6-BA7B-D9E1658575ED}"
EndProject
Project("{FAE04EC0-301F-11D3-BF4B-00C04F79EFBC}") = "ModelLoader", "Examples\ModelLoader\ModelLoader.csproj", "{E48F9D97-86EF-42CD-BE41-46365026BEE7}"
EndProject
Project("{FAE04EC0-301F-11D3-BF4B-00C04F79EFBC}") = "MNIST_CPU", "Examples\MNIST_CPU\MNIST_CPU.csproj", "{725E0684-C0CD-4ED8-826A-45B4A3C0B564}"
EndProject
Project("{FAE04EC0-301F-11D3-BF4B-00C04F79EFBC}") = "MNIST_Train", "Examples\MNIST_Train\MNIST_Train.csproj", "{A283B841-D3C7-4A82-B675-35F14B1D263A}"
EndProject
Project("{FAE04EC0-301F-11D3-BF4B-00C04F79EFBC}") = "TestOpt", "Examples\TestOpt\TestOpt.csproj", "{D6CED790-5462-480B-ACA6-F65A22C5CF56}"
EndProject
Project("{FAE04EC0-301F-11D3-BF4B-00C04F79EFBC}") = "Converter", "Examples\Converter\Converter.csproj", "{422A11E6-EFB2-4486-85A8-3B2CC9692FA8}"
EndProject
Project("{FAE04EC0-301F-11D3-BF4B-00C04F79EFBC}") = "SAM", "Examples\SAM\SAM.csproj", "{0C06AFC4-B825-4898-89D0-605FBDCCA9A4}"
EndProject
Project("{FAE04EC0-301F-11D3-BF4B-00C04F79EFBC}") = "Esrgan", "Examples\Esrgan\Esrgan.csproj", "{65C89137-5683-4C52-B436-2F25F8E6FEBF}"
EndProject
Global
	GlobalSection(SolutionConfigurationPlatforms) = preSolution
		Debug|Any CPU = Debug|Any CPU
		Release|Any CPU = Release|Any CPU
	EndGlobalSection
	GlobalSection(ProjectConfigurationPlatforms) = postSolution
		{001FD1F1-EC17-45E9-B750-A2A2029E6C60}.Debug|Any CPU.ActiveCfg = Debug|Any CPU
		{001FD1F1-EC17-45E9-B750-A2A2029E6C60}.Debug|Any CPU.Build.0 = Debug|Any CPU
		{001FD1F1-EC17-45E9-B750-A2A2029E6C60}.Release|Any CPU.ActiveCfg = Release|Any CPU
		{001FD1F1-EC17-45E9-B750-A2A2029E6C60}.Release|Any CPU.Build.0 = Release|Any CPU
		{A9A8673F-FEBD-4025-BA45-70D56B99CC8C}.Debug|Any CPU.ActiveCfg = Debug|Any CPU
		{A9A8673F-FEBD-4025-BA45-70D56B99CC8C}.Debug|Any CPU.Build.0 = Debug|Any CPU
		{A9A8673F-FEBD-4025-BA45-70D56B99CC8C}.Release|Any CPU.ActiveCfg = Release|Any CPU
		{A9A8673F-FEBD-4025-BA45-70D56B99CC8C}.Release|Any CPU.Build.0 = Release|Any CPU
		{0880CC0E-50E0-4C51-A07D-5D8336B643A1}.Debug|Any CPU.ActiveCfg = Debug|Any CPU
		{0880CC0E-50E0-4C51-A07D-5D8336B643A1}.Debug|Any CPU.Build.0 = Debug|Any CPU
		{0880CC0E-50E0-4C51-A07D-5D8336B643A1}.Release|Any CPU.ActiveCfg = Release|Any CPU
		{0880CC0E-50E0-4C51-A07D-5D8336B643A1}.Release|Any CPU.Build.0 = Release|Any CPU
		{9D9440D2-EEAD-42D6-BA7B-D9E1658575ED}.Debug|Any CPU.ActiveCfg = Debug|Any CPU
		{9D9440D2-EEAD-42D6-BA7B-D9E1658575ED}.Debug|Any CPU.Build.0 = Debug|Any CPU
		{9D9440D2-EEAD-42D6-BA7B-D9E1658575ED}.Release|Any CPU.ActiveCfg = Release|Any CPU
		{9D9440D2-EEAD-42D6-BA7B-D9E1658575ED}.Release|Any CPU.Build.0 = Release|Any CPU
		{E48F9D97-86EF-42CD-BE41-46365026BEE7}.Debug|Any CPU.ActiveCfg = Debug|Any CPU
		{E48F9D97-86EF-42CD-BE41-46365026BEE7}.Debug|Any CPU.Build.0 = Debug|Any CPU
		{E48F9D97-86EF-42CD-BE41-46365026BEE7}.Release|Any CPU.ActiveCfg = Release|Any CPU
		{E48F9D97-86EF-42CD-BE41-46365026BEE7}.Release|Any CPU.Build.0 = Release|Any CPU
		{725E0684-C0CD-4ED8-826A-45B4A3C0B564}.Debug|Any CPU.ActiveCfg = Debug|Any CPU
		{725E0684-C0CD-4ED8-826A-45B4A3C0B564}.Debug|Any CPU.Build.0 = Debug|Any CPU
		{725E0684-C0CD-4ED8-826A-45B4A3C0B564}.Release|Any CPU.ActiveCfg = Release|Any CPU
		{725E0684-C0CD-4ED8-826A-45B4A3C0B564}.Release|Any CPU.Build.0 = Release|Any CPU
		{A283B841-D3C7-4A82-B675-35F14B1D263A}.Debug|Any CPU.ActiveCfg = Debug|Any CPU
		{A283B841-D3C7-4A82-B675-35F14B1D263A}.Debug|Any CPU.Build.0 = Debug|Any CPU
		{A283B841-D3C7-4A82-B675-35F14B1D263A}.Release|Any CPU.ActiveCfg = Release|Any CPU
		{A283B841-D3C7-4A82-B675-35F14B1D263A}.Release|Any CPU.Build.0 = Release|Any CPU
		{D6CED790-5462-480B-ACA6-F65A22C5CF56}.Debug|Any CPU.ActiveCfg = Debug|Any CPU
		{D6CED790-5462-480B-ACA6-F65A22C5CF56}.Debug|Any CPU.Build.0 = Debug|Any CPU
		{D6CED790-5462-480B-ACA6-F65A22C5CF56}.Release|Any CPU.ActiveCfg = Release|Any CPU
		{D6CED790-5462-480B-ACA6-F65A22C5CF56}.Release|Any CPU.Build.0 = Release|Any CPU
		{422A11E6-EFB2-4486-85A8-3B2CC9692FA8}.Debug|Any CPU.ActiveCfg = Debug|Any CPU
		{422A11E6-EFB2-4486-85A8-3B2CC9692FA8}.Debug|Any CPU.Build.0 = Debug|Any CPU
		{422A11E6-EFB2-4486-85A8-3B2CC9692FA8}.Release|Any CPU.ActiveCfg = Release|Any CPU
		{422A11E6-EFB2-4486-85A8-3B2CC9692FA8}.Release|Any CPU.Build.0 = Release|Any CPU
		{0C06AFC4-B825-4898-89D0-605FBDCCA9A4}.Debug|Any CPU.ActiveCfg = Debug|Any CPU
		{0C06AFC4-B825-4898-89D0-605FBDCCA9A4}.Debug|Any CPU.Build.0 = Debug|Any CPU
		{0C06AFC4-B825-4898-89D0-605FBDCCA9A4}.Release|Any CPU.ActiveCfg = Release|Any CPU
		{0C06AFC4-B825-4898-89D0-605FBDCCA9A4}.Release|Any CPU.Build.0 = Release|Any CPU
		{65C89137-5683-4C52-B436-2F25F8E6FEBF}.Debug|Any CPU.ActiveCfg = Debug|Any CPU
		{65C89137-5683-4C52-B436-2F25F8E6FEBF}.Debug|Any CPU.Build.0 = Debug|Any CPU
		{65C89137-5683-4C52-B436-2F25F8E6FEBF}.Release|Any CPU.ActiveCfg = Release|Any CPU
		{65C89137-5683-4C52-B436-2F25F8E6FEBF}.Release|Any CPU.Build.0 = Release|Any CPU
	EndGlobalSection
	GlobalSection(SolutionProperties) = preSolution
		HideSolutionNode = FALSE
	EndGlobalSection
	GlobalSection(NestedProjects) = preSolution
		{A9A8673F-FEBD-4025-BA45-70D56B99CC8C} = {D02595E1-05BC-423E-92E1-535C51070670}
		{0880CC0E-50E0-4C51-A07D-5D8336B643A1} = {D02595E1-05BC-423E-92E1-535C51070670}
		{9D9440D2-EEAD-42D6-BA7B-D9E1658575ED} = {D02595E1-05BC-423E-92E1-535C51070670}
		{E48F9D97-86EF-42CD-BE41-46365026BEE7} = {D02595E1-05BC-423E-92E1-535C51070670}
		{725E0684-C0CD-4ED8-826A-45B4A3C0B564} = {D02595E1-05BC-423E-92E1-535C51070670}
		{A283B841-D3C7-4A82-B675-35F14B1D263A} = {D02595E1-05BC-423E-92E1-535C51070670}
		{D6CED790-5462-480B-ACA6-F65A22C5CF56} = {D02595E1-05BC-423E-92E1-535C51070670}
		{422A11E6-EFB2-4486-85A8-3B2CC9692FA8} = {D02595E1-05BC-423E-92E1-535C51070670}
		{0C06AFC4-B825-4898-89D0-605FBDCCA9A4} = {D02595E1-05BC-423E-92E1-535C51070670}
		{65C89137-5683-4C52-B436-2F25F8E6FEBF} = {D02595E1-05BC-423E-92E1-535C51070670}
	EndGlobalSection
	GlobalSection(ExtensibilityGlobals) = postSolution
		SolutionGuid = {76778827-4559-416F-A528-DF29292C601E}
	EndGlobalSection
EndGlobal
